
Microsoft Visual Studio Solution File, Format Version 12.00
# Visual Studio 15
VisualStudioVersion = 15.0.27428.2005
MinimumVisualStudioVersion = 10.0.40219.1
Project("{E24C65DC-7377-472B-9ABA-BC803B73C61A}") = "webapplicatie_fondanti", "webapplicatie_fondanti\", "{7B4EF4F1-AE57-4796-BD09-CEAF9D7A26E7}"
	ProjectSection(WebsiteProperties) = preProject
		TargetFrameworkMoniker = ".NETFramework,Version%3Dv4.6.1"
		Debug.AspNetCompiler.VirtualPath = "/localhost_49255"
		Debug.AspNetCompiler.PhysicalPath = "webapplicatie_fondanti\"
		Debug.AspNetCompiler.TargetPath = "PrecompiledWeb\localhost_49255\"
		Debug.AspNetCompiler.Updateable = "true"
		Debug.AspNetCompiler.ForceOverwrite = "true"
		Debug.AspNetCompiler.FixedNames = "false"
		Debug.AspNetCompiler.Debug = "True"
		Release.AspNetCompiler.VirtualPath = "/localhost_49255"
		Release.AspNetCompiler.PhysicalPath = "webapplicatie_fondanti\"
		Release.AspNetCompiler.TargetPath = "PrecompiledWeb\localhost_49255\"
		Release.AspNetCompiler.Updateable = "true"
		Release.AspNetCompiler.ForceOverwrite = "true"
		Release.AspNetCompiler.FixedNames = "false"
		Release.AspNetCompiler.Debug = "False"
		VWDPort = "49255"
		SlnRelativePath = "webapplicatie_fondanti\"
		DefaultWebSiteLanguage = "Visual C#"
	EndProjectSection
EndProject
Global
	GlobalSection(SolutionConfigurationPlatforms) = preSolution
		Debug|Any CPU = Debug|Any CPU
	EndGlobalSection
	GlobalSection(ProjectConfigurationPlatforms) = postSolution
		{7B4EF4F1-AE57-4796-BD09-CEAF9D7A26E7}.Debug|Any CPU.ActiveCfg = Debug|Any CPU
		{7B4EF4F1-AE57-4796-BD09-CEAF9D7A26E7}.Debug|Any CPU.Build.0 = Debug|Any CPU
	EndGlobalSection
	GlobalSection(SolutionProperties) = preSolution
		HideSolutionNode = FALSE
	EndGlobalSection
	GlobalSection(ExtensibilityGlobals) = postSolution
		SolutionGuid = {D136E563-3C01-4439-A31E-71E3E9AB50AD}
	EndGlobalSection
EndGlobal
